
Microsoft Visual Studio Solution File, Format Version 12.00
# Visual Studio Version 17
VisualStudioVersion = 17.9.34728.123
MinimumVisualStudioVersion = 10.0.40219.1
Project("{FAE04EC0-301F-11D3-BF4B-00C04F79EFBC}") = "Assessment Aautomation Test", "Assessment Aautomation Test\Assessment Aautomation Test.csproj", "{C99A1C9D-227B-4585-96D6-F001F0E2F594}"
EndProject
Global
	GlobalSection(SolutionConfigurationPlatforms) = preSolution
		Debug|Any CPU = Debug|Any CPU
		Release|Any CPU = Release|Any CPU
	EndGlobalSection
	GlobalSection(ProjectConfigurationPlatforms) = postSolution
		{C99A1C9D-227B-4585-96D6-F001F0E2F594}.Debug|Any CPU.ActiveCfg = Debug|Any CPU
		{C99A1C9D-227B-4585-96D6-F001F0E2F594}.Debug|Any CPU.Build.0 = Debug|Any CPU
		{C99A1C9D-227B-4585-96D6-F001F0E2F594}.Release|Any CPU.ActiveCfg = Release|Any CPU
		{C99A1C9D-227B-4585-96D6-F001F0E2F594}.Release|Any CPU.Build.0 = Release|Any CPU
	EndGlobalSection
	GlobalSection(SolutionProperties) = preSolution
		HideSolutionNode = FALSE
	EndGlobalSection
	GlobalSection(ExtensibilityGlobals) = postSolution
		SolutionGuid = {254F39EB-62C4-4306-92FC-8E798A90575A}
	EndGlobalSection
EndGlobal
